// !$*UTF8*$!
{
	archiveVersion = 1;
	classes = {
	};
	objectVersion = 46;
	objects = {

/* Begin PBXBuildFile section */
		540359907C0FB77C4FB9B200 /* Pods.framework in Frameworks */ = {isa = PBXBuildFile; fileRef = 99CDABEBAF419865B30A850B /* Pods.framework */; settings = {ATTRIBUTES = (Weak, ); }; };
		9005A5681BC65D41009E75FD /* main.m in Sources */ = {isa = PBXBuildFile; fileRef = 9005A5671BC65D41009E75FD /* main.m */; };
		9005A56B1BC65D41009E75FD /* AppDelegate.m in Sources */ = {isa = PBXBuildFile; fileRef = 9005A56A1BC65D41009E75FD /* AppDelegate.m */; };
		9005A56E1BC65D41009E75FD /* ViewController.m in Sources */ = {isa = PBXBuildFile; fileRef = 9005A56D1BC65D41009E75FD /* ViewController.m */; };
		9005A5711BC65D41009E75FD /* Main.storyboard in Resources */ = {isa = PBXBuildFile; fileRef = 9005A56F1BC65D41009E75FD /* Main.storyboard */; };
		9005A5731BC65D41009E75FD /* Assets.xcassets in Resources */ = {isa = PBXBuildFile; fileRef = 9005A5721BC65D41009E75FD /* Assets.xcassets */; };
		9005A5761BC65D41009E75FD /* LaunchScreen.storyboard in Resources */ = {isa = PBXBuildFile; fileRef = 9005A5741BC65D41009E75FD /* LaunchScreen.storyboard */; };
		901003461BC67F3A00E907AE /* DropboxService.swift in Sources */ = {isa = PBXBuildFile; fileRef = 901003451BC67F3A00E907AE /* DropboxService.swift */; settings = {ASSET_TAGS = (); }; };
/* End PBXBuildFile section */

/* Begin PBXFileReference section */
		7F5A128636EE426E84BDD0D1 /* Pods.release.xcconfig */ = {isa = PBXFileReference; includeInIndex = 1; lastKnownFileType = text.xcconfig; name = Pods.release.xcconfig; path = "Pods/Target Support Files/Pods/Pods.release.xcconfig"; sourceTree = "<group>"; };
		8E5423B40B7381B6788147A6 /* Pods.debug.xcconfig */ = {isa = PBXFileReference; includeInIndex = 1; lastKnownFileType = text.xcconfig; name = Pods.debug.xcconfig; path = "Pods/Target Support Files/Pods/Pods.debug.xcconfig"; sourceTree = "<group>"; };
		9005A5631BC65D41009E75FD /* Test Dropbox APIv2.app */ = {isa = PBXFileReference; explicitFileType = wrapper.application; includeInIndex = 0; path = "Test Dropbox APIv2.app"; sourceTree = BUILT_PRODUCTS_DIR; };
		9005A5671BC65D41009E75FD /* main.m */ = {isa = PBXFileReference; lastKnownFileType = sourcecode.c.objc; path = main.m; sourceTree = "<group>"; };
		9005A5691BC65D41009E75FD /* AppDelegate.h */ = {isa = PBXFileReference; lastKnownFileType = sourcecode.c.h; path = AppDelegate.h; sourceTree = "<group>"; };
		9005A56A1BC65D41009E75FD /* AppDelegate.m */ = {isa = PBXFileReference; lastKnownFileType = sourcecode.c.objc; path = AppDelegate.m; sourceTree = "<group>"; };
		9005A56C1BC65D41009E75FD /* ViewController.h */ = {isa = PBXFileReference; lastKnownFileType = sourcecode.c.h; path = ViewController.h; sourceTree = "<group>"; };
		9005A56D1BC65D41009E75FD /* ViewController.m */ = {isa = PBXFileReference; lastKnownFileType = sourcecode.c.objc; path = ViewController.m; sourceTree = "<group>"; };
		9005A5701BC65D41009E75FD /* Base */ = {isa = PBXFileReference; lastKnownFileType = file.storyboard; name = Base; path = Base.lproj/Main.storyboard; sourceTree = "<group>"; };
		9005A5721BC65D41009E75FD /* Assets.xcassets */ = {isa = PBXFileReference; lastKnownFileType = folder.assetcatalog; path = Assets.xcassets; sourceTree = "<group>"; };
		9005A5751BC65D41009E75FD /* Base */ = {isa = PBXFileReference; lastKnownFileType = file.storyboard; name = Base; path = Base.lproj/LaunchScreen.storyboard; sourceTree = "<group>"; };
		9005A5771BC65D41009E75FD /* Info.plist */ = {isa = PBXFileReference; lastKnownFileType = text.plist.xml; path = Info.plist; sourceTree = "<group>"; };
		901003451BC67F3A00E907AE /* DropboxService.swift */ = {isa = PBXFileReference; fileEncoding = 4; lastKnownFileType = sourcecode.swift; path = DropboxService.swift; sourceTree = "<group>"; };
		90EE880A1BC66657008837E0 /* Test Dropbox APIv2-Bridging-Header.h */ = {isa = PBXFileReference; lastKnownFileType = sourcecode.c.h; path = "Test Dropbox APIv2-Bridging-Header.h"; sourceTree = "<group>"; };
		99CDABEBAF419865B30A850B /* Pods.framework */ = {isa = PBXFileReference; explicitFileType = wrapper.framework; includeInIndex = 0; path = Pods.framework; sourceTree = BUILT_PRODUCTS_DIR; };
/* End PBXFileReference section */

/* Begin PBXFrameworksBuildPhase section */
		9005A5601BC65D41009E75FD /* Frameworks */ = {
			isa = PBXFrameworksBuildPhase;
			buildActionMask = 2147483647;
			files = (
				540359907C0FB77C4FB9B200 /* Pods.framework in Frameworks */,
			);
			runOnlyForDeploymentPostprocessing = 0;
		};
/* End PBXFrameworksBuildPhase section */

/* Begin PBXGroup section */
		9005A55A1BC65D41009E75FD = {
			isa = PBXGroup;
			children = (
				9005A5651BC65D41009E75FD /* Test Dropbox APIv2 */,
				9005A5641BC65D41009E75FD /* Products */,
				D10A5674DB04FC7D9A93A6F7 /* Pods */,
				EA7906BEF4DB4594B7BD270B /* Frameworks */,
			);
			sourceTree = "<group>";
		};
		9005A5641BC65D41009E75FD /* Products */ = {
			isa = PBXGroup;
			children = (
				9005A5631BC65D41009E75FD /* Test Dropbox APIv2.app */,
			);
			name = Products;
			sourceTree = "<group>";
		};
		9005A5651BC65D41009E75FD /* Test Dropbox APIv2 */ = {
			isa = PBXGroup;
			children = (
				9005A5691BC65D41009E75FD /* AppDelegate.h */,
				9005A56A1BC65D41009E75FD /* AppDelegate.m */,
				901003451BC67F3A00E907AE /* DropboxService.swift */,
				9005A56C1BC65D41009E75FD /* ViewController.h */,
				9005A56D1BC65D41009E75FD /* ViewController.m */,
				9005A56F1BC65D41009E75FD /* Main.storyboard */,
				9005A5721BC65D41009E75FD /* Assets.xcassets */,
				9005A5741BC65D41009E75FD /* LaunchScreen.storyboard */,
				9005A5771BC65D41009E75FD /* Info.plist */,
				9005A5661BC65D41009E75FD /* Supporting Files */,
				90EE880A1BC66657008837E0 /* Test Dropbox APIv2-Bridging-Header.h */,
			);
			path = "Test Dropbox APIv2";
			sourceTree = "<group>";
		};
		9005A5661BC65D41009E75FD /* Supporting Files */ = {
			isa = PBXGroup;
			children = (
				9005A5671BC65D41009E75FD /* main.m */,
			);
			name = "Supporting Files";
			sourceTree = "<group>";
		};
		D10A5674DB04FC7D9A93A6F7 /* Pods */ = {
			isa = PBXGroup;
			children = (
				8E5423B40B7381B6788147A6 /* Pods.debug.xcconfig */,
				7F5A128636EE426E84BDD0D1 /* Pods.release.xcconfig */,
			);
			name = Pods;
			sourceTree = "<group>";
		};
		EA7906BEF4DB4594B7BD270B /* Frameworks */ = {
			isa = PBXGroup;
			children = (
				99CDABEBAF419865B30A850B /* Pods.framework */,
			);
			name = Frameworks;
			sourceTree = "<group>";
		};
/* End PBXGroup section */

/* Begin PBXNativeTarget section */
		9005A5621BC65D41009E75FD /* Test Dropbox APIv2 */ = {
			isa = PBXNativeTarget;
			buildConfigurationList = 9005A5901BC65D41009E75FD /* Build configuration list for PBXNativeTarget "Test Dropbox APIv2" */;
			buildPhases = (
				BC771BF366BB307C46C729FD /* Check Pods Manifest.lock */,
				9005A55F1BC65D41009E75FD /* Sources */,
				9005A5601BC65D41009E75FD /* Frameworks */,
				9005A5611BC65D41009E75FD /* Resources */,
				EFAA2E8AC32C490A7B0A57CB /* Copy Pods Resources */,
				F9FF9A72A9C1182D2DDFE6A1 /* Embed Pods Frameworks */,
			);
			buildRules = (
			);
			dependencies = (
			);
			name = "Test Dropbox APIv2";
			productName = "Test Dropbox APIv2";
			productReference = 9005A5631BC65D41009E75FD /* Test Dropbox APIv2.app */;
			productType = "com.apple.product-type.application";
		};
/* End PBXNativeTarget section */

/* Begin PBXProject section */
		9005A55B1BC65D41009E75FD /* Project object */ = {
			isa = PBXProject;
			attributes = {
				LastSwiftUpdateCheck = 0700;
				LastUpgradeCheck = 0700;
				ORGANIZATIONNAME = "Freek Sanders";
				TargetAttributes = {
					9005A5621BC65D41009E75FD = {
						CreatedOnToolsVersion = 7.0;
					};
				};
			};
			buildConfigurationList = 9005A55E1BC65D41009E75FD /* Build configuration list for PBXProject "Test Dropbox APIv2" */;
			compatibilityVersion = "Xcode 3.2";
			developmentRegion = English;
			hasScannedForEncodings = 0;
			knownRegions = (
				en,
				Base,
			);
			mainGroup = 9005A55A1BC65D41009E75FD;
			productRefGroup = 9005A5641BC65D41009E75FD /* Products */;
			projectDirPath = "";
			projectRoot = "";
			targets = (
				9005A5621BC65D41009E75FD /* Test Dropbox APIv2 */,
			);
		};
/* End PBXProject section */

/* Begin PBXResourcesBuildPhase section */
		9005A5611BC65D41009E75FD /* Resources */ = {
			isa = PBXResourcesBuildPhase;
			buildActionMask = 2147483647;
			files = (
				9005A5761BC65D41009E75FD /* LaunchScreen.storyboard in Resources */,
				9005A5731BC65D41009E75FD /* Assets.xcassets in Resources */,
				9005A5711BC65D41009E75FD /* Main.storyboard in Resources */,
			);
			runOnlyForDeploymentPostprocessing = 0;
		};
/* End PBXResourcesBuildPhase section */

/* Begin PBXShellScriptBuildPhase section */
		BC771BF366BB307C46C729FD /* Check Pods Manifest.lock */ = {
			isa = PBXShellScriptBuildPhase;
			buildActionMask = 2147483647;
			files = (
			);
			inputPaths = (
			);
			name = "Check Pods Manifest.lock";
			outputPaths = (
			);
			runOnlyForDeploymentPostprocessing = 0;
			shellPath = /bin/sh;
			shellScript = "diff \"${PODS_ROOT}/../Podfile.lock\" \"${PODS_ROOT}/Manifest.lock\" > /dev/null\nif [[ $? != 0 ]] ; then\n    cat << EOM\nerror: The sandbox is not in sync with the Podfile.lock. Run 'pod install' or update your CocoaPods installation.\nEOM\n    exit 1\nfi\n";
			showEnvVarsInLog = 0;
		};
		EFAA2E8AC32C490A7B0A57CB /* Copy Pods Resources */ = {
			isa = PBXShellScriptBuildPhase;
			buildActionMask = 2147483647;
			files = (
			);
			inputPaths = (
			);
			name = "Copy Pods Resources";
			outputPaths = (
			);
			runOnlyForDeploymentPostprocessing = 0;
			shellPath = /bin/sh;
			shellScript = "\"${SRCROOT}/Pods/Target Support Files/Pods/Pods-resources.sh\"\n";
			showEnvVarsInLog = 0;
		};
		F9FF9A72A9C1182D2DDFE6A1 /* Embed Pods Frameworks */ = {
			isa = PBXShellScriptBuildPhase;
			buildActionMask = 2147483647;
			files = (
			);
			inputPaths = (
			);
			name = "Embed Pods Frameworks";
			outputPaths = (
			);
			runOnlyForDeploymentPostprocessing = 0;
			shellPath = /bin/sh;
			shellScript = "\"${SRCROOT}/Pods/Target Support Files/Pods/Pods-frameworks.sh\"\n";
			showEnvVarsInLog = 0;
		};
/* End PBXShellScriptBuildPhase section */

/* Begin PBXSourcesBuildPhase section */
		9005A55F1BC65D41009E75FD /* Sources */ = {
			isa = PBXSourcesBuildPhase;
			buildActionMask = 2147483647;
			files = (
				901003461BC67F3A00E907AE /* DropboxService.swift in Sources */,
				9005A56E1BC65D41009E75FD /* ViewController.m in Sources */,
				9005A56B1BC65D41009E75FD /* AppDelegate.m in Sources */,
				9005A5681BC65D41009E75FD /* main.m in Sources */,
			);
			runOnlyForDeploymentPostprocessing = 0;
		};
/* End PBXSourcesBuildPhase section */

/* Begin PBXVariantGroup section */
		9005A56F1BC65D41009E75FD /* Main.storyboard */ = {
			isa = PBXVariantGroup;
			children = (
				9005A5701BC65D41009E75FD /* Base */,
			);
			name = Main.storyboard;
			sourceTree = "<group>";
		};
		9005A5741BC65D41009E75FD /* LaunchScreen.storyboard */ = {
			isa = PBXVariantGroup;
			children = (
				9005A5751BC65D41009E75FD /* Base */,
			);
			name = LaunchScreen.storyboard;
			sourceTree = "<group>";
		};
/* End PBXVariantGroup section */

/* Begin XCBuildConfiguration section */
		9005A58E1BC65D41009E75FD /* Debug */ = {
			isa = XCBuildConfiguration;
			buildSettings = {
				ALWAYS_SEARCH_USER_PATHS = NO;
				CLANG_CXX_LANGUAGE_STANDARD = "gnu++0x";
				CLANG_CXX_LIBRARY = "libc++";
				CLANG_ENABLE_MODULES = YES;
				CLANG_ENABLE_OBJC_ARC = YES;
				CLANG_WARN_BOOL_CONVERSION = YES;
				CLANG_WARN_CONSTANT_CONVERSION = YES;
				CLANG_WARN_DIRECT_OBJC_ISA_USAGE = YES_ERROR;
				CLANG_WARN_EMPTY_BODY = YES;
				CLANG_WARN_ENUM_CONVERSION = YES;
				CLANG_WARN_INT_CONVERSION = YES;
				CLANG_WARN_OBJC_ROOT_CLASS = YES_ERROR;
				CLANG_WARN_UNREACHABLE_CODE = YES;
				CLANG_WARN__DUPLICATE_METHOD_MATCH = YES;
				"CODE_SIGN_IDENTITY[sdk=iphoneos*]" = "iPhone Developer";
				COPY_PHASE_STRIP = NO;
				DEBUG_INFORMATION_FORMAT = dwarf;
				ENABLE_STRICT_OBJC_MSGSEND = YES;
				ENABLE_TESTABILITY = YES;
				GCC_C_LANGUAGE_STANDARD = gnu99;
				GCC_DYNAMIC_NO_PIC = NO;
				GCC_NO_COMMON_BLOCKS = YES;
				GCC_OPTIMIZATION_LEVEL = 0;
				GCC_PREPROCESSOR_DEFINITIONS = (
					"DEBUG=1",
					"$(inherited)",
				);
				GCC_WARN_64_TO_32_BIT_CONVERSION = YES;
				GCC_WARN_ABOUT_RETURN_TYPE = YES_ERROR;
				GCC_WARN_UNDECLARED_SELECTOR = YES;
				GCC_WARN_UNINITIALIZED_AUTOS = YES_AGGRESSIVE;
				GCC_WARN_UNUSED_FUNCTION = YES;
				GCC_WARN_UNUSED_VARIABLE = YES;
				IPHONEOS_DEPLOYMENT_TARGET = 9.0;
				MTL_ENABLE_DEBUG_INFO = YES;
				ONLY_ACTIVE_ARCH = YES;
				SDKROOT = iphoneos;
			};
			name = Debug;
		};
		9005A58F1BC65D41009E75FD /* Release */ = {
			isa = XCBuildConfiguration;
			buildSettings = {
				ALWAYS_SEARCH_USER_PATHS = NO;
				CLANG_CXX_LANGUAGE_STANDARD = "gnu++0x";
				CLANG_CXX_LIBRARY = "libc++";
				CLANG_ENABLE_MODULES = YES;
				CLANG_ENABLE_OBJC_ARC = YES;
				CLANG_WARN_BOOL_CONVERSION = YES;
				CLANG_WARN_CONSTANT_CONVERSION = YES;
				CLANG_WARN_DIRECT_OBJC_ISA_USAGE = YES_ERROR;
				CLANG_WARN_EMPTY_BODY = YES;
				CLANG_WARN_ENUM_CONVERSION = YES;
				CLANG_WARN_INT_CONVERSION = YES;
				CLANG_WARN_OBJC_ROOT_CLASS = YES_ERROR;
				CLANG_WARN_UNREACHABLE_CODE = YES;
				CLANG_WARN__DUPLICATE_METHOD_MATCH = YES;
				"CODE_SIGN_IDENTITY[sdk=iphoneos*]" = "iPhone Developer";
				COPY_PHASE_STRIP = NO;
				DEBUG_INFORMATION_FORMAT = "dwarf-with-dsym";
				ENABLE_NS_ASSERTIONS = NO;
				ENABLE_STRICT_OBJC_MSGSEND = YES;
				GCC_C_LANGUAGE_STANDARD = gnu99;
				GCC_NO_COMMON_BLOCKS = YES;
				GCC_WARN_64_TO_32_BIT_CONVERSION = YES;
				GCC_WARN_ABOUT_RETURN_TYPE = YES_ERROR;
				GCC_WARN_UNDECLARED_SELECTOR = YES;
				GCC_WARN_UNINITIALIZED_AUTOS = YES_AGGRESSIVE;
				GCC_WARN_UNUSED_FUNCTION = YES;
				GCC_WARN_UNUSED_VARIABLE = YES;
				IPHONEOS_DEPLOYMENT_TARGET = 9.0;
				MTL_ENABLE_DEBUG_INFO = NO;
				SDKROOT = iphoneos;
				VALIDATE_PRODUCT = YES;
			};
			name = Release;
		};
		9005A5911BC65D41009E75FD /* Debug */ = {
			isa = XCBuildConfiguration;
			baseConfigurationReference = 8E5423B40B7381B6788147A6 /* Pods.debug.xcconfig */;
			buildSettings = {
				ASSETCATALOG_COMPILER_APPICON_NAME = AppIcon;
				CLANG_ENABLE_MODULES = YES;
				INFOPLIST_FILE = "Test Dropbox APIv2/Info.plist";
				LD_RUNPATH_SEARCH_PATHS = "$(inherited) @executable_path/Frameworks";
				PRODUCT_BUNDLE_IDENTIFIER = "com.makemeblue.Test-Dropbox-APIv2";
				PRODUCT_NAME = "$(TARGET_NAME)";
				SWIFT_OBJC_BRIDGING_HEADER = "Test Dropbox APIv2/Test Dropbox APIv2-Bridging-Header.h";
				SWIFT_OPTIMIZATION_LEVEL = "-Onone";
			};
			name = Debug;
		};
		9005A5921BC65D41009E75FD /* Release */ = {
			isa = XCBuildConfiguration;
			baseConfigurationReference = 7F5A128636EE426E84BDD0D1 /* Pods.release.xcconfig */;
			buildSettings = {
				ASSETCATALOG_COMPILER_APPICON_NAME = AppIcon;
				CLANG_ENABLE_MODULES = YES;
				INFOPLIST_FILE = "Test Dropbox APIv2/Info.plist";
				LD_RUNPATH_SEARCH_PATHS = "$(inherited) @executable_path/Frameworks";
				PRODUCT_BUNDLE_IDENTIFIER = "com.makemeblue.Test-Dropbox-APIv2";
				PRODUCT_NAME = "$(TARGET_NAME)";
				SWIFT_OBJC_BRIDGING_HEADER = "Test Dropbox APIv2/Test Dropbox APIv2-Bridging-Header.h";
			};
			name = Release;
		};
/* End XCBuildConfiguration section */

/* Begin XCConfigurationList section */
		9005A55E1BC65D41009E75FD /* Build configuration list for PBXProject "Test Dropbox APIv2" */ = {
			isa = XCConfigurationList;
			buildConfigurations = (
				9005A58E1BC65D41009E75FD /* Debug */,
				9005A58F1BC65D41009E75FD /* Release */,
			);
			defaultConfigurationIsVisible = 0;
			defaultConfigurationName = Release;
		};
		9005A5901BC65D41009E75FD /* Build configuration list for PBXNativeTarget "Test Dropbox APIv2" */ = {
			isa = XCConfigurationList;
			buildConfigurations = (
				9005A5911BC65D41009E75FD /* Debug */,
				9005A5921BC65D41009E75FD /* Release */,
			);
			defaultConfigurationIsVisible = 0;
			defaultConfigurationName = Release;
		};
/* End XCConfigurationList section */
	};
	rootObject = 9005A55B1BC65D41009E75FD /* Project object */;
}
